// !$*UTF8*$!
{
	archiveVersion = 1;
	classes = {
	};
	objectVersion = 46;
	objects = {

/* Begin PBXBuildFile section */
		6E799C291CE8E0F3006F7F79 /* main.cpp in Sources */ = {isa = PBXBuildFile; fileRef = 6E799C281CE8E0F3006F7F79 /* main.cpp */; };
		6E799C811CE8E10D006F7F79 /* AOIEventManager.cpp in Sources */ = {isa = PBXBuildFile; fileRef = 6E799C301CE8E10D006F7F79 /* AOIEventManager.cpp */; };
		6E799C821CE8E10D006F7F79 /* BaseAOI.cpp in Sources */ = {isa = PBXBuildFile; fileRef = 6E799C341CE8E10D006F7F79 /* BaseAOI.cpp */; };
		6E799C831CE8E10D006F7F79 /* EuDistanceAOI.cpp in Sources */ = {isa = PBXBuildFile; fileRef = 6E799C371CE8E10D006F7F79 /* EuDistanceAOI.cpp */; };
		6E799C841CE8E10D006F7F79 /* NTree.cpp in Sources */ = {isa = PBXBuildFile; fileRef = 6E799C3A1CE8E10D006F7F79 /* NTree.cpp */; };
		6E799C851CE8E10D006F7F79 /* NTreeAOI.cpp in Sources */ = {isa = PBXBuildFile; fileRef = 6E799C3C1CE8E10D006F7F79 /* NTreeAOI.cpp */; };
		6E799C861CE8E10D006F7F79 /* Tower.cpp in Sources */ = {isa = PBXBuildFile; fileRef = 6E799C3F1CE8E10D006F7F79 /* Tower.cpp */; };
		6E799C871CE8E10D006F7F79 /* TowerAOI.cpp in Sources */ = {isa = PBXBuildFile; fileRef = 6E799C411CE8E10D006F7F79 /* TowerAOI.cpp */; };
		6E799C881CE8E10D006F7F79 /* AOIService.cpp in Sources */ = {isa = PBXBuildFile; fileRef = 6E799C441CE8E10D006F7F79 /* AOIService.cpp */; };
		6E799C891CE8E10D006F7F79 /* EuDistanceAOIService.cpp in Sources */ = {isa = PBXBuildFile; fileRef = 6E799C461CE8E10D006F7F79 /* EuDistanceAOIService.cpp */; };
		6E799C8A1CE8E10D006F7F79 /* NTreeAOIService.cpp in Sources */ = {isa = PBXBuildFile; fileRef = 6E799C481CE8E10D006F7F79 /* NTreeAOIService.cpp */; };
		6E799C8B1CE8E10D006F7F79 /* TowerAOIService.cpp in Sources */ = {isa = PBXBuildFile; fileRef = 6E799C4A1CE8E10D006F7F79 /* TowerAOIService.cpp */; };
		6E799C8C1CE8E10D006F7F79 /* GameObject.cpp in Sources */ = {isa = PBXBuildFile; fileRef = 6E799C4D1CE8E10D006F7F79 /* GameObject.cpp */; };
		6E799C8D1CE8E10D006F7F79 /* GameWorld.cpp in Sources */ = {isa = PBXBuildFile; fileRef = 6E799C4F1CE8E10D006F7F79 /* GameWorld.cpp */; };
		6E799C8E1CE8E10D006F7F79 /* HOGameObject.cpp in Sources */ = {isa = PBXBuildFile; fileRef = 6E799C511CE8E10D006F7F79 /* HOGameObject.cpp */; };
		6E799C8F1CE8E10D006F7F79 /* test.cpp in Sources */ = {isa = PBXBuildFile; fileRef = 6E799C531CE8E10D006F7F79 /* test.cpp */; };
		6E799C901CE8E10D006F7F79 /* EuDistance_NTreeAOI.cpp in Sources */ = {isa = PBXBuildFile; fileRef = 6E799C791CE8E10D006F7F79 /* EuDistance_NTreeAOI.cpp */; };
		6E799C911CE8E10D006F7F79 /* EuDistance_TowerAOI.cpp in Sources */ = {isa = PBXBuildFile; fileRef = 6E799C7A1CE8E10D006F7F79 /* EuDistance_TowerAOI.cpp */; };
		6E799C921CE8E10D006F7F79 /* BasePerformanceTest.cpp in Sources */ = {isa = PBXBuildFile; fileRef = 6E799C7C1CE8E10D006F7F79 /* BasePerformanceTest.cpp */; };
		6E799C931CE8E10D006F7F79 /* EuDistanceAOITest.cpp in Sources */ = {isa = PBXBuildFile; fileRef = 6E799C7E1CE8E10D006F7F79 /* EuDistanceAOITest.cpp */; };
		6E799C941CE8E10D006F7F79 /* NTreeAOITest.cpp in Sources */ = {isa = PBXBuildFile; fileRef = 6E799C7F1CE8E10D006F7F79 /* NTreeAOITest.cpp */; };
		6E799C951CE8E10D006F7F79 /* TowerAOITest.cpp in Sources */ = {isa = PBXBuildFile; fileRef = 6E799C801CE8E10D006F7F79 /* TowerAOITest.cpp */; };
/* End PBXBuildFile section */

/* Begin PBXCopyFilesBuildPhase section */
		6E799C231CE8E0F3006F7F79 /* CopyFiles */ = {
			isa = PBXCopyFilesBuildPhase;
			buildActionMask = 2147483647;
			dstPath = /usr/share/man/man1/;
			dstSubfolderSpec = 0;
			files = (
			);
			runOnlyForDeploymentPostprocessing = 1;
		};
/* End PBXCopyFilesBuildPhase section */

/* Begin PBXFileReference section */
		6E58326B1CE987E200F2BB60 /* data_init.txt */ = {isa = PBXFileReference; fileEncoding = 4; lastKnownFileType = text; path = data_init.txt; sourceTree = "<group>"; };
		6E58326C1CE987E200F2BB60 /* data_leave.txt */ = {isa = PBXFileReference; fileEncoding = 4; lastKnownFileType = text; path = data_leave.txt; sourceTree = "<group>"; };
		6E58326D1CE987E200F2BB60 /* data_move.txt */ = {isa = PBXFileReference; fileEncoding = 4; lastKnownFileType = text; path = data_move.txt; sourceTree = "<group>"; };
		6E58326E1CE987E200F2BB60 /* huge_data_init.txt */ = {isa = PBXFileReference; fileEncoding = 4; lastKnownFileType = text; path = huge_data_init.txt; sourceTree = "<group>"; };
		6E58326F1CE987E200F2BB60 /* huge_data_leave.txt */ = {isa = PBXFileReference; fileEncoding = 4; lastKnownFileType = text; path = huge_data_leave.txt; sourceTree = "<group>"; };
		6E5832701CE987E200F2BB60 /* huge_data_move.txt */ = {isa = PBXFileReference; fileEncoding = 4; lastKnownFileType = text; path = huge_data_move.txt; sourceTree = "<group>"; };
		6E5832721CE987E200F2BB60 /* data_init.txt */ = {isa = PBXFileReference; fileEncoding = 4; lastKnownFileType = text; path = data_init.txt; sourceTree = "<group>"; };
		6E5832731CE987E200F2BB60 /* data_leave.txt */ = {isa = PBXFileReference; fileEncoding = 4; lastKnownFileType = text; path = data_leave.txt; sourceTree = "<group>"; };
		6E5832741CE987E200F2BB60 /* data_move.txt */ = {isa = PBXFileReference; fileEncoding = 4; lastKnownFileType = text; path = data_move.txt; sourceTree = "<group>"; };
		6E5832751CE987E200F2BB60 /* huge_data_init.txt */ = {isa = PBXFileReference; fileEncoding = 4; lastKnownFileType = text; path = huge_data_init.txt; sourceTree = "<group>"; };
		6E5832761CE987E200F2BB60 /* huge_data_leave.txt */ = {isa = PBXFileReference; fileEncoding = 4; lastKnownFileType = text; path = huge_data_leave.txt; sourceTree = "<group>"; };
		6E5832771CE987E200F2BB60 /* huge_data_move.txt */ = {isa = PBXFileReference; fileEncoding = 4; lastKnownFileType = text; path = huge_data_move.txt; sourceTree = "<group>"; };
		6E799C251CE8E0F3006F7F79 /* HOAOIs */ = {isa = PBXFileReference; explicitFileType = "compiled.mach-o.executable"; includeInIndex = 0; path = HOAOIs; sourceTree = BUILT_PRODUCTS_DIR; };
		6E799C281CE8E0F3006F7F79 /* main.cpp */ = {isa = PBXFileReference; lastKnownFileType = sourcecode.cpp.cpp; path = main.cpp; sourceTree = "<group>"; };
		6E799C2F1CE8E10D006F7F79 /* alias.h */ = {isa = PBXFileReference; fileEncoding = 4; lastKnownFileType = sourcecode.c.h; path = alias.h; sourceTree = "<group>"; };
		6E799C301CE8E10D006F7F79 /* AOIEventManager.cpp */ = {isa = PBXFileReference; fileEncoding = 4; lastKnownFileType = sourcecode.cpp.cpp; path = AOIEventManager.cpp; sourceTree = "<group>"; };
		6E799C311CE8E10D006F7F79 /* AOIEventManager.hpp */ = {isa = PBXFileReference; fileEncoding = 4; lastKnownFileType = sourcecode.cpp.h; path = AOIEventManager.hpp; sourceTree = "<group>"; };
		6E799C341CE8E10D006F7F79 /* BaseAOI.cpp */ = {isa = PBXFileReference; fileEncoding = 4; lastKnownFileType = sourcecode.cpp.cpp; path = BaseAOI.cpp; sourceTree = "<group>"; };
		6E799C351CE8E10D006F7F79 /* BaseAOI.hpp */ = {isa = PBXFileReference; fileEncoding = 4; lastKnownFileType = sourcecode.cpp.h; path = BaseAOI.hpp; sourceTree = "<group>"; };
		6E799C371CE8E10D006F7F79 /* EuDistanceAOI.cpp */ = {isa = PBXFileReference; fileEncoding = 4; lastKnownFileType = sourcecode.cpp.cpp; path = EuDistanceAOI.cpp; sourceTree = "<group>"; };
		6E799C381CE8E10D006F7F79 /* EuDistanceAOI.hpp */ = {isa = PBXFileReference; fileEncoding = 4; lastKnownFileType = sourcecode.cpp.h; path = EuDistanceAOI.hpp; sourceTree = "<group>"; };
		6E799C3A1CE8E10D006F7F79 /* NTree.cpp */ = {isa = PBXFileReference; fileEncoding = 4; lastKnownFileType = sourcecode.cpp.cpp; path = NTree.cpp; sourceTree = "<group>"; };
		6E799C3B1CE8E10D006F7F79 /* NTree.hpp */ = {isa = PBXFileReference; fileEncoding = 4; lastKnownFileType = sourcecode.cpp.h; path = NTree.hpp; sourceTree = "<group>"; };
		6E799C3C1CE8E10D006F7F79 /* NTreeAOI.cpp */ = {isa = PBXFileReference; fileEncoding = 4; lastKnownFileType = sourcecode.cpp.cpp; path = NTreeAOI.cpp; sourceTree = "<group>"; };
		6E799C3D1CE8E10D006F7F79 /* NTreeAOI.hpp */ = {isa = PBXFileReference; fileEncoding = 4; lastKnownFileType = sourcecode.cpp.h; path = NTreeAOI.hpp; sourceTree = "<group>"; };
		6E799C3F1CE8E10D006F7F79 /* Tower.cpp */ = {isa = PBXFileReference; fileEncoding = 4; lastKnownFileType = sourcecode.cpp.cpp; path = Tower.cpp; sourceTree = "<group>"; };
		6E799C401CE8E10D006F7F79 /* Tower.hpp */ = {isa = PBXFileReference; fileEncoding = 4; lastKnownFileType = sourcecode.cpp.h; path = Tower.hpp; sourceTree = "<group>"; };
		6E799C411CE8E10D006F7F79 /* TowerAOI.cpp */ = {isa = PBXFileReference; fileEncoding = 4; lastKnownFileType = sourcecode.cpp.cpp; path = TowerAOI.cpp; sourceTree = "<group>"; };
		6E799C421CE8E10D006F7F79 /* TowerAOI.hpp */ = {isa = PBXFileReference; fileEncoding = 4; lastKnownFileType = sourcecode.cpp.h; path = TowerAOI.hpp; sourceTree = "<group>"; };
		6E799C441CE8E10D006F7F79 /* AOIService.cpp */ = {isa = PBXFileReference; fileEncoding = 4; lastKnownFileType = sourcecode.cpp.cpp; path = AOIService.cpp; sourceTree = "<group>"; };
		6E799C451CE8E10D006F7F79 /* AOIService.hpp */ = {isa = PBXFileReference; fileEncoding = 4; lastKnownFileType = sourcecode.cpp.h; path = AOIService.hpp; sourceTree = "<group>"; };
		6E799C461CE8E10D006F7F79 /* EuDistanceAOIService.cpp */ = {isa = PBXFileReference; fileEncoding = 4; lastKnownFileType = sourcecode.cpp.cpp; path = EuDistanceAOIService.cpp; sourceTree = "<group>"; };
		6E799C471CE8E10D006F7F79 /* EuDistanceAOIService.hpp */ = {isa = PBXFileReference; fileEncoding = 4; lastKnownFileType = sourcecode.cpp.h; path = EuDistanceAOIService.hpp; sourceTree = "<group>"; };
		6E799C481CE8E10D006F7F79 /* NTreeAOIService.cpp */ = {isa = PBXFileReference; fileEncoding = 4; lastKnownFileType = sourcecode.cpp.cpp; path = NTreeAOIService.cpp; sourceTree = "<group>"; };
		6E799C491CE8E10D006F7F79 /* NTreeAOIService.hpp */ = {isa = PBXFileReference; fileEncoding = 4; lastKnownFileType = sourcecode.cpp.h; path = NTreeAOIService.hpp; sourceTree = "<group>"; };
		6E799C4A1CE8E10D006F7F79 /* TowerAOIService.cpp */ = {isa = PBXFileReference; fileEncoding = 4; lastKnownFileType = sourcecode.cpp.cpp; path = TowerAOIService.cpp; sourceTree = "<group>"; };
		6E799C4B1CE8E10D006F7F79 /* TowerAOIService.hpp */ = {isa = PBXFileReference; fileEncoding = 4; lastKnownFileType = sourcecode.cpp.h; path = TowerAOIService.hpp; sourceTree = "<group>"; };
		6E799C4D1CE8E10D006F7F79 /* GameObject.cpp */ = {isa = PBXFileReference; fileEncoding = 4; lastKnownFileType = sourcecode.cpp.cpp; path = GameObject.cpp; sourceTree = "<group>"; };
		6E799C4E1CE8E10D006F7F79 /* GameObject.hpp */ = {isa = PBXFileReference; fileEncoding = 4; lastKnownFileType = sourcecode.cpp.h; path = GameObject.hpp; sourceTree = "<group>"; };
		6E799C4F1CE8E10D006F7F79 /* GameWorld.cpp */ = {isa = PBXFileReference; fileEncoding = 4; lastKnownFileType = sourcecode.cpp.cpp; path = GameWorld.cpp; sourceTree = "<group>"; };
		6E799C501CE8E10D006F7F79 /* GameWorld.hpp */ = {isa = PBXFileReference; fileEncoding = 4; lastKnownFileType = sourcecode.cpp.h; path = GameWorld.hpp; sourceTree = "<group>"; };
		6E799C511CE8E10D006F7F79 /* HOGameObject.cpp */ = {isa = PBXFileReference; fileEncoding = 4; lastKnownFileType = sourcecode.cpp.cpp; path = HOGameObject.cpp; sourceTree = "<group>"; };
		6E799C521CE8E10D006F7F79 /* HOGameObject.hpp */ = {isa = PBXFileReference; fileEncoding = 4; lastKnownFileType = sourcecode.cpp.h; path = HOGameObject.hpp; sourceTree = "<group>"; };
		6E799C531CE8E10D006F7F79 /* test.cpp */ = {isa = PBXFileReference; fileEncoding = 4; lastKnownFileType = sourcecode.cpp.cpp; path = test.cpp; sourceTree = "<group>"; };
		6E799C791CE8E10D006F7F79 /* EuDistance_NTreeAOI.cpp */ = {isa = PBXFileReference; fileEncoding = 4; lastKnownFileType = sourcecode.cpp.cpp; path = EuDistance_NTreeAOI.cpp; sourceTree = "<group>"; };
		6E799C7A1CE8E10D006F7F79 /* EuDistance_TowerAOI.cpp */ = {isa = PBXFileReference; fileEncoding = 4; lastKnownFileType = sourcecode.cpp.cpp; path = EuDistance_TowerAOI.cpp; sourceTree = "<group>"; };
		6E799C7C1CE8E10D006F7F79 /* BasePerformanceTest.cpp */ = {isa = PBXFileReference; fileEncoding = 4; lastKnownFileType = sourcecode.cpp.cpp; path = BasePerformanceTest.cpp; sourceTree = "<group>"; };
		6E799C7D1CE8E10D006F7F79 /* BasePerformanceTest.hpp */ = {isa = PBXFileReference; fileEncoding = 4; lastKnownFileType = sourcecode.cpp.h; path = BasePerformanceTest.hpp; sourceTree = "<group>"; };
		6E799C7E1CE8E10D006F7F79 /* EuDistanceAOITest.cpp */ = {isa = PBXFileReference; fileEncoding = 4; lastKnownFileType = sourcecode.cpp.cpp; path = EuDistanceAOITest.cpp; sourceTree = "<group>"; };
		6E799C7F1CE8E10D006F7F79 /* NTreeAOITest.cpp */ = {isa = PBXFileReference; fileEncoding = 4; lastKnownFileType = sourcecode.cpp.cpp; path = NTreeAOITest.cpp; sourceTree = "<group>"; };
		6E799C801CE8E10D006F7F79 /* TowerAOITest.cpp */ = {isa = PBXFileReference; fileEncoding = 4; lastKnownFileType = sourcecode.cpp.cpp; path = TowerAOITest.cpp; sourceTree = "<group>"; };
/* End PBXFileReference section */

/* Begin PBXFrameworksBuildPhase section */
		6E799C221CE8E0F3006F7F79 /* Frameworks */ = {
			isa = PBXFrameworksBuildPhase;
			buildActionMask = 2147483647;
			files = (
			);
			runOnlyForDeploymentPostprocessing = 0;
		};
/* End PBXFrameworksBuildPhase section */

/* Begin PBXGroup section */
		6E5832691CE987E200F2BB60 /* Datas */ = {
			isa = PBXGroup;
			children = (
				6E58326A1CE987E200F2BB60 /* data1 */,
				6E5832711CE987E200F2BB60 /* data2 */,
			);
			path = Datas;
			sourceTree = "<group>";
		};
		6E58326A1CE987E200F2BB60 /* data1 */ = {
			isa = PBXGroup;
			children = (
				6E58326B1CE987E200F2BB60 /* data_init.txt */,
				6E58326C1CE987E200F2BB60 /* data_leave.txt */,
				6E58326D1CE987E200F2BB60 /* data_move.txt */,
				6E58326E1CE987E200F2BB60 /* huge_data_init.txt */,
				6E58326F1CE987E200F2BB60 /* huge_data_leave.txt */,
				6E5832701CE987E200F2BB60 /* huge_data_move.txt */,
			);
			path = data1;
			sourceTree = "<group>";
		};
		6E5832711CE987E200F2BB60 /* data2 */ = {
			isa = PBXGroup;
			children = (
				6E5832721CE987E200F2BB60 /* data_init.txt */,
				6E5832731CE987E200F2BB60 /* data_leave.txt */,
				6E5832741CE987E200F2BB60 /* data_move.txt */,
				6E5832751CE987E200F2BB60 /* huge_data_init.txt */,
				6E5832761CE987E200F2BB60 /* huge_data_leave.txt */,
				6E5832771CE987E200F2BB60 /* huge_data_move.txt */,
			);
			path = data2;
			sourceTree = "<group>";
		};
		6E799C1C1CE8E0F3006F7F79 = {
			isa = PBXGroup;
			children = (
				6E799C271CE8E0F3006F7F79 /* HOAOIs */,
				6E799C261CE8E0F3006F7F79 /* Products */,
			);
			sourceTree = "<group>";
		};
		6E799C261CE8E0F3006F7F79 /* Products */ = {
			isa = PBXGroup;
			children = (
				6E799C251CE8E0F3006F7F79 /* HOAOIs */,
			);
			name = Products;
			sourceTree = "<group>";
		};
		6E799C271CE8E0F3006F7F79 /* HOAOIs */ = {
			isa = PBXGroup;
			children = (
				6E799C2F1CE8E10D006F7F79 /* alias.h */,
				6E799C301CE8E10D006F7F79 /* AOIEventManager.cpp */,
				6E799C311CE8E10D006F7F79 /* AOIEventManager.hpp */,
				6E799C321CE8E10D006F7F79 /* AOIModels */,
				6E799C431CE8E10D006F7F79 /* AOIServices */,
				6E799C4C1CE8E10D006F7F79 /* GameBasics */,
				6E799C531CE8E10D006F7F79 /* test.cpp */,
				6E799C541CE8E10D006F7F79 /* Tests */,
				6E799C281CE8E0F3006F7F79 /* main.cpp */,
			);
			path = HOAOIs;
			sourceTree = "<group>";
		};
		6E799C321CE8E10D006F7F79 /* AOIModels */ = {
			isa = PBXGroup;
			children = (
				6E799C331CE8E10D006F7F79 /* BaseAOI */,
				6E799C361CE8E10D006F7F79 /* EuDistanceAOI */,
				6E799C391CE8E10D006F7F79 /* NTreeAOI */,
				6E799C3E1CE8E10D006F7F79 /* TowerAOI */,
			);
			path = AOIModels;
			sourceTree = "<group>";
		};
		6E799C331CE8E10D006F7F79 /* BaseAOI */ = {
			isa = PBXGroup;
			children = (
				6E799C341CE8E10D006F7F79 /* BaseAOI.cpp */,
				6E799C351CE8E10D006F7F79 /* BaseAOI.hpp */,
			);
			path = BaseAOI;
			sourceTree = "<group>";
		};
		6E799C361CE8E10D006F7F79 /* EuDistanceAOI */ = {
			isa = PBXGroup;
			children = (
				6E799C371CE8E10D006F7F79 /* EuDistanceAOI.cpp */,
				6E799C381CE8E10D006F7F79 /* EuDistanceAOI.hpp */,
			);
			path = EuDistanceAOI;
			sourceTree = "<group>";
		};
		6E799C391CE8E10D006F7F79 /* NTreeAOI */ = {
			isa = PBXGroup;
			children = (
				6E799C3A1CE8E10D006F7F79 /* NTree.cpp */,
				6E799C3B1CE8E10D006F7F79 /* NTree.hpp */,
				6E799C3C1CE8E10D006F7F79 /* NTreeAOI.cpp */,
				6E799C3D1CE8E10D006F7F79 /* NTreeAOI.hpp */,
			);
			path = NTreeAOI;
			sourceTree = "<group>";
		};
		6E799C3E1CE8E10D006F7F79 /* TowerAOI */ = {
			isa = PBXGroup;
			children = (
				6E799C3F1CE8E10D006F7F79 /* Tower.cpp */,
				6E799C401CE8E10D006F7F79 /* Tower.hpp */,
				6E799C411CE8E10D006F7F79 /* TowerAOI.cpp */,
				6E799C421CE8E10D006F7F79 /* TowerAOI.hpp */,
			);
			path = TowerAOI;
			sourceTree = "<group>";
		};
		6E799C431CE8E10D006F7F79 /* AOIServices */ = {
			isa = PBXGroup;
			children = (
				6E799C441CE8E10D006F7F79 /* AOIService.cpp */,
				6E799C451CE8E10D006F7F79 /* AOIService.hpp */,
				6E799C461CE8E10D006F7F79 /* EuDistanceAOIService.cpp */,
				6E799C471CE8E10D006F7F79 /* EuDistanceAOIService.hpp */,
				6E799C481CE8E10D006F7F79 /* NTreeAOIService.cpp */,
				6E799C491CE8E10D006F7F79 /* NTreeAOIService.hpp */,
				6E799C4A1CE8E10D006F7F79 /* TowerAOIService.cpp */,
				6E799C4B1CE8E10D006F7F79 /* TowerAOIService.hpp */,
			);
			path = AOIServices;
			sourceTree = "<group>";
		};
		6E799C4C1CE8E10D006F7F79 /* GameBasics */ = {
			isa = PBXGroup;
			children = (
				6E799C4D1CE8E10D006F7F79 /* GameObject.cpp */,
				6E799C4E1CE8E10D006F7F79 /* GameObject.hpp */,
				6E799C4F1CE8E10D006F7F79 /* GameWorld.cpp */,
				6E799C501CE8E10D006F7F79 /* GameWorld.hpp */,
				6E799C511CE8E10D006F7F79 /* HOGameObject.cpp */,
				6E799C521CE8E10D006F7F79 /* HOGameObject.hpp */,
			);
			path = GameBasics;
			sourceTree = "<group>";
		};
		6E799C541CE8E10D006F7F79 /* Tests */ = {
			isa = PBXGroup;
			children = (
				6E5832691CE987E200F2BB60 /* Datas */,
				6E799C791CE8E10D006F7F79 /* EuDistance_NTreeAOI.cpp */,
				6E799C7A1CE8E10D006F7F79 /* EuDistance_TowerAOI.cpp */,
				6E799C7B1CE8E10D006F7F79 /* PerformanceTests */,
			);
			path = Tests;
			sourceTree = "<group>";
		};
		6E799C7B1CE8E10D006F7F79 /* PerformanceTests */ = {
			isa = PBXGroup;
			children = (
				6E799C7C1CE8E10D006F7F79 /* BasePerformanceTest.cpp */,
				6E799C7D1CE8E10D006F7F79 /* BasePerformanceTest.hpp */,
				6E799C7E1CE8E10D006F7F79 /* EuDistanceAOITest.cpp */,
				6E799C801CE8E10D006F7F79 /* TowerAOITest.cpp */,
				6E799C7F1CE8E10D006F7F79 /* NTreeAOITest.cpp */,
			);
			path = PerformanceTests;
			sourceTree = "<group>";
		};
/* End PBXGroup section */

/* Begin PBXNativeTarget section */
		6E799C241CE8E0F3006F7F79 /* HOAOIs */ = {
			isa = PBXNativeTarget;
			buildConfigurationList = 6E799C2C1CE8E0F3006F7F79 /* Build configuration list for PBXNativeTarget "HOAOIs" */;
			buildPhases = (
				6E799C211CE8E0F3006F7F79 /* Sources */,
				6E799C221CE8E0F3006F7F79 /* Frameworks */,
				6E799C231CE8E0F3006F7F79 /* CopyFiles */,
			);
			buildRules = (
			);
			dependencies = (
			);
			name = HOAOIs;
			productName = HOAOIs;
			productReference = 6E799C251CE8E0F3006F7F79 /* HOAOIs */;
			productType = "com.apple.product-type.tool";
		};
/* End PBXNativeTarget section */

/* Begin PBXProject section */
		6E799C1D1CE8E0F3006F7F79 /* Project object */ = {
			isa = PBXProject;
			attributes = {
				LastUpgradeCheck = 0730;
				ORGANIZATIONNAME = "Zhejiang University";
				TargetAttributes = {
					6E799C241CE8E0F3006F7F79 = {
						CreatedOnToolsVersion = 7.3;
					};
				};
			};
			buildConfigurationList = 6E799C201CE8E0F3006F7F79 /* Build configuration list for PBXProject "HOAOIs" */;
			compatibilityVersion = "Xcode 3.2";
			developmentRegion = English;
			hasScannedForEncodings = 0;
			knownRegions = (
				en,
			);
			mainGroup = 6E799C1C1CE8E0F3006F7F79;
			productRefGroup = 6E799C261CE8E0F3006F7F79 /* Products */;
			projectDirPath = "";
			projectRoot = "";
			targets = (
				6E799C241CE8E0F3006F7F79 /* HOAOIs */,
			);
		};
/* End PBXProject section */

/* Begin PBXSourcesBuildPhase section */
		6E799C211CE8E0F3006F7F79 /* Sources */ = {
			isa = PBXSourcesBuildPhase;
			buildActionMask = 2147483647;
			files = (
				6E799C941CE8E10D006F7F79 /* NTreeAOITest.cpp in Sources */,
				6E799C831CE8E10D006F7F79 /* EuDistanceAOI.cpp in Sources */,
				6E799C8A1CE8E10D006F7F79 /* NTreeAOIService.cpp in Sources */,
				6E799C8E1CE8E10D006F7F79 /* HOGameObject.cpp in Sources */,
				6E799C8C1CE8E10D006F7F79 /* GameObject.cpp in Sources */,
				6E799C811CE8E10D006F7F79 /* AOIEventManager.cpp in Sources */,
				6E799C901CE8E10D006F7F79 /* EuDistance_NTreeAOI.cpp in Sources */,
				6E799C861CE8E10D006F7F79 /* Tower.cpp in Sources */,
				6E799C821CE8E10D006F7F79 /* BaseAOI.cpp in Sources */,
				6E799C291CE8E0F3006F7F79 /* main.cpp in Sources */,
				6E799C851CE8E10D006F7F79 /* NTreeAOI.cpp in Sources */,
				6E799C8F1CE8E10D006F7F79 /* test.cpp in Sources */,
				6E799C891CE8E10D006F7F79 /* EuDistanceAOIService.cpp in Sources */,
				6E799C951CE8E10D006F7F79 /* TowerAOITest.cpp in Sources */,
				6E799C881CE8E10D006F7F79 /* AOIService.cpp in Sources */,
				6E799C921CE8E10D006F7F79 /* BasePerformanceTest.cpp in Sources */,
				6E799C841CE8E10D006F7F79 /* NTree.cpp in Sources */,
				6E799C911CE8E10D006F7F79 /* EuDistance_TowerAOI.cpp in Sources */,
				6E799C931CE8E10D006F7F79 /* EuDistanceAOITest.cpp in Sources */,
				6E799C871CE8E10D006F7F79 /* TowerAOI.cpp in Sources */,
				6E799C8D1CE8E10D006F7F79 /* GameWorld.cpp in Sources */,
				6E799C8B1CE8E10D006F7F79 /* TowerAOIService.cpp in Sources */,
			);
			runOnlyForDeploymentPostprocessing = 0;
		};
/* End PBXSourcesBuildPhase section */

/* Begin XCBuildConfiguration section */
		6E799C2A1CE8E0F3006F7F79 /* Debug */ = {
			isa = XCBuildConfiguration;
			buildSettings = {
				ALWAYS_SEARCH_USER_PATHS = NO;
				CLANG_ANALYZER_NONNULL = YES;
				CLANG_CXX_LANGUAGE_STANDARD = "gnu++0x";
				CLANG_CXX_LIBRARY = "libc++";
				CLANG_ENABLE_MODULES = YES;
				CLANG_ENABLE_OBJC_ARC = YES;
				CLANG_WARN_BOOL_CONVERSION = YES;
				CLANG_WARN_CONSTANT_CONVERSION = YES;
				CLANG_WARN_DIRECT_OBJC_ISA_USAGE = YES_ERROR;
				CLANG_WARN_EMPTY_BODY = YES;
				CLANG_WARN_ENUM_CONVERSION = YES;
				CLANG_WARN_INT_CONVERSION = YES;
				CLANG_WARN_OBJC_ROOT_CLASS = YES_ERROR;
				CLANG_WARN_UNREACHABLE_CODE = YES;
				CLANG_WARN__DUPLICATE_METHOD_MATCH = YES;
				CODE_SIGN_IDENTITY = "-";
				COPY_PHASE_STRIP = NO;
				DEBUG_INFORMATION_FORMAT = dwarf;
				ENABLE_STRICT_OBJC_MSGSEND = YES;
				ENABLE_TESTABILITY = YES;
				GCC_C_LANGUAGE_STANDARD = gnu99;
				GCC_DYNAMIC_NO_PIC = NO;
				GCC_NO_COMMON_BLOCKS = YES;
				GCC_OPTIMIZATION_LEVEL = 0;
				GCC_PREPROCESSOR_DEFINITIONS = (
					"DEBUG=1",
					"$(inherited)",
				);
				GCC_WARN_64_TO_32_BIT_CONVERSION = YES;
				GCC_WARN_ABOUT_RETURN_TYPE = YES_ERROR;
				GCC_WARN_UNDECLARED_SELECTOR = YES;
				GCC_WARN_UNINITIALIZED_AUTOS = YES_AGGRESSIVE;
				GCC_WARN_UNUSED_FUNCTION = YES;
				GCC_WARN_UNUSED_VARIABLE = YES;
				MACOSX_DEPLOYMENT_TARGET = 10.11;
				MTL_ENABLE_DEBUG_INFO = YES;
				ONLY_ACTIVE_ARCH = YES;
				SDKROOT = macosx;
			};
			name = Debug;
		};
		6E799C2B1CE8E0F3006F7F79 /* Release */ = {
			isa = XCBuildConfiguration;
			buildSettings = {
				ALWAYS_SEARCH_USER_PATHS = NO;
				CLANG_ANALYZER_NONNULL = YES;
				CLANG_CXX_LANGUAGE_STANDARD = "gnu++0x";
				CLANG_CXX_LIBRARY = "libc++";
				CLANG_ENABLE_MODULES = YES;
				CLANG_ENABLE_OBJC_ARC = YES;
				CLANG_WARN_BOOL_CONVERSION = YES;
				CLANG_WARN_CONSTANT_CONVERSION = YES;
				CLANG_WARN_DIRECT_OBJC_ISA_USAGE = YES_ERROR;
				CLANG_WARN_EMPTY_BODY = YES;
				CLANG_WARN_ENUM_CONVERSION = YES;
				CLANG_WARN_INT_CONVERSION = YES;
				CLANG_WARN_OBJC_ROOT_CLASS = YES_ERROR;
				CLANG_WARN_UNREACHABLE_CODE = YES;
				CLANG_WARN__DUPLICATE_METHOD_MATCH = YES;
				CODE_SIGN_IDENTITY = "-";
				COPY_PHASE_STRIP = NO;
				DEBUG_INFORMATION_FORMAT = "dwarf-with-dsym";
				ENABLE_NS_ASSERTIONS = NO;
				ENABLE_STRICT_OBJC_MSGSEND = YES;
				GCC_C_LANGUAGE_STANDARD = gnu99;
				GCC_NO_COMMON_BLOCKS = YES;
				GCC_WARN_64_TO_32_BIT_CONVERSION = YES;
				GCC_WARN_ABOUT_RETURN_TYPE = YES_ERROR;
				GCC_WARN_UNDECLARED_SELECTOR = YES;
				GCC_WARN_UNINITIALIZED_AUTOS = YES_AGGRESSIVE;
				GCC_WARN_UNUSED_FUNCTION = YES;
				GCC_WARN_UNUSED_VARIABLE = YES;
				MACOSX_DEPLOYMENT_TARGET = 10.11;
				MTL_ENABLE_DEBUG_INFO = NO;
				SDKROOT = macosx;
			};
			name = Release;
		};
		6E799C2D1CE8E0F3006F7F79 /* Debug */ = {
			isa = XCBuildConfiguration;
			buildSettings = {
				PRODUCT_NAME = "$(TARGET_NAME)";
			};
			name = Debug;
		};
		6E799C2E1CE8E0F3006F7F79 /* Release */ = {
			isa = XCBuildConfiguration;
			buildSettings = {
				PRODUCT_NAME = "$(TARGET_NAME)";
			};
			name = Release;
		};
/* End XCBuildConfiguration section */

/* Begin XCConfigurationList section */
		6E799C201CE8E0F3006F7F79 /* Build configuration list for PBXProject "HOAOIs" */ = {
			isa = XCConfigurationList;
			buildConfigurations = (
				6E799C2A1CE8E0F3006F7F79 /* Debug */,
				6E799C2B1CE8E0F3006F7F79 /* Release */,
			);
			defaultConfigurationIsVisible = 0;
			defaultConfigurationName = Release;
		};
		6E799C2C1CE8E0F3006F7F79 /* Build configuration list for PBXNativeTarget "HOAOIs" */ = {
			isa = XCConfigurationList;
			buildConfigurations = (
				6E799C2D1CE8E0F3006F7F79 /* Debug */,
				6E799C2E1CE8E0F3006F7F79 /* Release */,
			);
			defaultConfigurationIsVisible = 0;
			defaultConfigurationName = Release;
		};
/* End XCConfigurationList section */
	};
	rootObject = 6E799C1D1CE8E0F3006F7F79 /* Project object */;
}
